// !$*UTF8*$!
{
	archiveVersion = 1;
	classes = {
	};
	objectVersion = 50;
	objects = {

/* Begin PBXBuildFile section */
		6C4FACEB26332A520051E40C /* SwiftUI_Project11_TrapeziumApp.swift in Sources */ = {isa = PBXBuildFile; fileRef = 6C4FACEA26332A520051E40C /* SwiftUI_Project11_TrapeziumApp.swift */; };
		6C4FACED26332A520051E40C /* ContentView.swift in Sources */ = {isa = PBXBuildFile; fileRef = 6C4FACEC26332A520051E40C /* ContentView.swift */; };
		6C4FACEF26332A520051E40C /* Assets.xcassets in Resources */ = {isa = PBXBuildFile; fileRef = 6C4FACEE26332A520051E40C /* Assets.xcassets */; };
		6C4FACF226332A520051E40C /* Preview Assets.xcassets in Resources */ = {isa = PBXBuildFile; fileRef = 6C4FACF126332A520051E40C /* Preview Assets.xcassets */; };
/* End PBXBuildFile section */

/* Begin PBXFileReference section */
		6C4FACE726332A520051E40C /* SwiftUI_Project11_Trapezium.app */ = {isa = PBXFileReference; explicitFileType = wrapper.application; includeInIndex = 0; path = SwiftUI_Project11_Trapezium.app; sourceTree = BUILT_PRODUCTS_DIR; };
		6C4FACEA26332A520051E40C /* SwiftUI_Project11_TrapeziumApp.swift */ = {isa = PBXFileReference; lastKnownFileType = sourcecode.swift; path = SwiftUI_Project11_TrapeziumApp.swift; sourceTree = "<group>"; };
		6C4FACEC26332A520051E40C /* ContentView.swift */ = {isa = PBXFileReference; lastKnownFileType = sourcecode.swift; path = ContentView.swift; sourceTree = "<group>"; };
		6C4FACEE26332A520051E40C /* Assets.xcassets */ = {isa = PBXFileReference; lastKnownFileType = folder.assetcatalog; path = Assets.xcassets; sourceTree = "<group>"; };
		6C4FACF126332A520051E40C /* Preview Assets.xcassets */ = {isa = PBXFileReference; lastKnownFileType = folder.assetcatalog; path = "Preview Assets.xcassets"; sourceTree = "<group>"; };
		6C4FACF326332A520051E40C /* Info.plist */ = {isa = PBXFileReference; lastKnownFileType = text.plist.xml; path = Info.plist; sourceTree = "<group>"; };
/* End PBXFileReference section */

/* Begin PBXFrameworksBuildPhase section */
		6C4FACE426332A520051E40C /* Frameworks */ = {
			isa = PBXFrameworksBuildPhase;
			buildActionMask = 2147483647;
			files = (
			);
			runOnlyForDeploymentPostprocessing = 0;
		};
/* End PBXFrameworksBuildPhase section */

/* Begin PBXGroup section */
		6C4FACDE26332A520051E40C = {
			isa = PBXGroup;
			children = (
				6C4FACE926332A520051E40C /* SwiftUI_Project11_Trapezium */,
				6C4FACE826332A520051E40C /* Products */,
			);
			sourceTree = "<group>";
		};
		6C4FACE826332A520051E40C /* Products */ = {
			isa = PBXGroup;
			children = (
				6C4FACE726332A520051E40C /* SwiftUI_Project11_Trapezium.app */,
			);
			name = Products;
			sourceTree = "<group>";
		};
		6C4FACE926332A520051E40C /* SwiftUI_Project11_Trapezium */ = {
			isa = PBXGroup;
			children = (
				6C4FACEA26332A520051E40C /* SwiftUI_Project11_TrapeziumApp.swift */,
				6C4FACEC26332A520051E40C /* ContentView.swift */,
				6C4FACEE26332A520051E40C /* Assets.xcassets */,
				6C4FACF326332A520051E40C /* Info.plist */,
				6C4FACF026332A520051E40C /* Preview Content */,
			);
			path = SwiftUI_Project11_Trapezium;
			sourceTree = "<group>";
		};
		6C4FACF026332A520051E40C /* Preview Content */ = {
			isa = PBXGroup;
			children = (
				6C4FACF126332A520051E40C /* Preview Assets.xcassets */,
			);
			path = "Preview Content";
			sourceTree = "<group>";
		};
/* End PBXGroup section */

/* Begin PBXNativeTarget section */
		6C4FACE626332A520051E40C /* SwiftUI_Project11_Trapezium */ = {
			isa = PBXNativeTarget;
			buildConfigurationList = 6C4FACF626332A520051E40C /* Build configuration list for PBXNativeTarget "SwiftUI_Project11_Trapezium" */;
			buildPhases = (
				6C4FACE326332A520051E40C /* Sources */,
				6C4FACE426332A520051E40C /* Frameworks */,
				6C4FACE526332A520051E40C /* Resources */,
			);
			buildRules = (
			);
			dependencies = (
			);
			name = SwiftUI_Project11_Trapezium;
			productName = SwiftUI_Project11_Trapezium;
			productReference = 6C4FACE726332A520051E40C /* SwiftUI_Project11_Trapezium.app */;
			productType = "com.apple.product-type.application";
		};
/* End PBXNativeTarget section */

/* Begin PBXProject section */
		6C4FACDF26332A520051E40C /* Project object */ = {
			isa = PBXProject;
			attributes = {
				LastSwiftUpdateCheck = 1230;
				LastUpgradeCheck = 1230;
				TargetAttributes = {
					6C4FACE626332A520051E40C = {
						CreatedOnToolsVersion = 12.3;
					};
				};
			};
			buildConfigurationList = 6C4FACE226332A520051E40C /* Build configuration list for PBXProject "SwiftUI_Project11_Trapezium" */;
			compatibilityVersion = "Xcode 9.3";
			developmentRegion = en;
			hasScannedForEncodings = 0;
			knownRegions = (
				en,
				Base,
			);
			mainGroup = 6C4FACDE26332A520051E40C;
			productRefGroup = 6C4FACE826332A520051E40C /* Products */;
			projectDirPath = "";
			projectRoot = "";
			targets = (
				6C4FACE626332A520051E40C /* SwiftUI_Project11_Trapezium */,
			);
		};
/* End PBXProject section */

/* Begin PBXResourcesBuildPhase section */
		6C4FACE526332A520051E40C /* Resources */ = {
			isa = PBXResourcesBuildPhase;
			buildActionMask = 2147483647;
			files = (
				6C4FACF226332A520051E40C /* Preview Assets.xcassets in Resources */,
				6C4FACEF26332A520051E40C /* Assets.xcassets in Resources */,
			);
			runOnlyForDeploymentPostprocessing = 0;
		};
/* End PBXResourcesBuildPhase section */

/* Begin PBXSourcesBuildPhase section */
		6C4FACE326332A520051E40C /* Sources */ = {
			isa = PBXSourcesBuildPhase;
			buildActionMask = 2147483647;
			files = (
				6C4FACED26332A520051E40C /* ContentView.swift in Sources */,
				6C4FACEB26332A520051E40C /* SwiftUI_Project11_TrapeziumApp.swift in Sources */,
			);
			runOnlyForDeploymentPostprocessing = 0;
		};
/* End PBXSourcesBuildPhase section */

/* Begin XCBuildConfiguration section */
		6C4FACF426332A520051E40C /* Debug */ = {
			isa = XCBuildConfiguration;
			buildSettings = {
				ALWAYS_SEARCH_USER_PATHS = NO;
				CLANG_ANALYZER_NONNULL = YES;
				CLANG_ANALYZER_NUMBER_OBJECT_CONVERSION = YES_AGGRESSIVE;
				CLANG_CXX_LANGUAGE_STANDARD = "gnu++14";
				CLANG_CXX_LIBRARY = "libc++";
				CLANG_ENABLE_MODULES = YES;
				CLANG_ENABLE_OBJC_ARC = YES;
				CLANG_ENABLE_OBJC_WEAK = YES;
				CLANG_WARN_BLOCK_CAPTURE_AUTORELEASING = YES;
				CLANG_WARN_BOOL_CONVERSION = YES;
				CLANG_WARN_COMMA = YES;
				CLANG_WARN_CONSTANT_CONVERSION = YES;
				CLANG_WARN_DEPRECATED_OBJC_IMPLEMENTATIONS = YES;
				CLANG_WARN_DIRECT_OBJC_ISA_USAGE = YES_ERROR;
				CLANG_WARN_DOCUMENTATION_COMMENTS = YES;
				CLANG_WARN_EMPTY_BODY = YES;
				CLANG_WARN_ENUM_CONVERSION = YES;
				CLANG_WARN_INFINITE_RECURSION = YES;
				CLANG_WARN_INT_CONVERSION = YES;
				CLANG_WARN_NON_LITERAL_NULL_CONVERSION = YES;
				CLANG_WARN_OBJC_IMPLICIT_RETAIN_SELF = YES;
				CLANG_WARN_OBJC_LITERAL_CONVERSION = YES;
				CLANG_WARN_OBJC_ROOT_CLASS = YES_ERROR;
				CLANG_WARN_QUOTED_INCLUDE_IN_FRAMEWORK_HEADER = YES;
				CLANG_WARN_RANGE_LOOP_ANALYSIS = YES;
				CLANG_WARN_STRICT_PROTOTYPES = YES;
				CLANG_WARN_SUSPICIOUS_MOVE = YES;
				CLANG_WARN_UNGUARDED_AVAILABILITY = YES_AGGRESSIVE;
				CLANG_WARN_UNREACHABLE_CODE = YES;
				CLANG_WARN__DUPLICATE_METHOD_MATCH = YES;
				COPY_PHASE_STRIP = NO;
				DEBUG_INFORMATION_FORMAT = dwarf;
				ENABLE_STRICT_OBJC_MSGSEND = YES;
				ENABLE_TESTABILITY = YES;
				GCC_C_LANGUAGE_STANDARD = gnu11;
				GCC_DYNAMIC_NO_PIC = NO;
				GCC_NO_COMMON_BLOCKS = YES;
				GCC_OPTIMIZATION_LEVEL = 0;
				GCC_PREPROCESSOR_DEFINITIONS = (
					"DEBUG=1",
					"$(inherited)",
				);
				GCC_WARN_64_TO_32_BIT_CONVERSION = YES;
				GCC_WARN_ABOUT_RETURN_TYPE = YES_ERROR;
				GCC_WARN_UNDECLARED_SELECTOR = YES;
				GCC_WARN_UNINITIALIZED_AUTOS = YES_AGGRESSIVE;
				GCC_WARN_UNUSED_FUNCTION = YES;
				GCC_WARN_UNUSED_VARIABLE = YES;
				IPHONEOS_DEPLOYMENT_TARGET = 14.3;
				MTL_ENABLE_DEBUG_INFO = INCLUDE_SOURCE;
				MTL_FAST_MATH = YES;
				ONLY_ACTIVE_ARCH = YES;
				SDKROOT = iphoneos;
				SWIFT_ACTIVE_COMPILATION_CONDITIONS = DEBUG;
				SWIFT_OPTIMIZATION_LEVEL = "-Onone";
			};
			name = Debug;
		};
		6C4FACF526332A520051E40C /* Release */ = {
			isa = XCBuildConfiguration;
			buildSettings = {
				ALWAYS_SEARCH_USER_PATHS = NO;
				CLANG_ANALYZER_NONNULL = YES;
				CLANG_ANALYZER_NUMBER_OBJECT_CONVERSION = YES_AGGRESSIVE;
				CLANG_CXX_LANGUAGE_STANDARD = "gnu++14";
				CLANG_CXX_LIBRARY = "libc++";
				CLANG_ENABLE_MODULES = YES;
				CLANG_ENABLE_OBJC_ARC = YES;
				CLANG_ENABLE_OBJC_WEAK = YES;
				CLANG_WARN_BLOCK_CAPTURE_AUTORELEASING = YES;
				CLANG_WARN_BOOL_CONVERSION = YES;
				CLANG_WARN_COMMA = YES;
				CLANG_WARN_CONSTANT_CONVERSION = YES;
				CLANG_WARN_DEPRECATED_OBJC_IMPLEMENTATIONS = YES;
				CLANG_WARN_DIRECT_OBJC_ISA_USAGE = YES_ERROR;
				CLANG_WARN_DOCUMENTATION_COMMENTS = YES;
				CLANG_WARN_EMPTY_BODY = YES;
				CLANG_WARN_ENUM_CONVERSION = YES;
				CLANG_WARN_INFINITE_RECURSION = YES;
				CLANG_WARN_INT_CONVERSION = YES;
				CLANG_WARN_NON_LITERAL_NULL_CONVERSION = YES;
				CLANG_WARN_OBJC_IMPLICIT_RETAIN_SELF = YES;
				CLANG_WARN_OBJC_LITERAL_CONVERSION = YES;
				CLANG_WARN_OBJC_ROOT_CLASS = YES_ERROR;
				CLANG_WARN_QUOTED_INCLUDE_IN_FRAMEWORK_HEADER = YES;
				CLANG_WARN_RANGE_LOOP_ANALYSIS = YES;
				CLANG_WARN_STRICT_PROTOTYPES = YES;
				CLANG_WARN_SUSPICIOUS_MOVE = YES;
				CLANG_WARN_UNGUARDED_AVAILABILITY = YES_AGGRESSIVE;
				CLANG_WARN_UNREACHABLE_CODE = YES;
				CLANG_WARN__DUPLICATE_METHOD_MATCH = YES;
				COPY_PHASE_STRIP = NO;
				DEBUG_INFORMATION_FORMAT = "dwarf-with-dsym";
				ENABLE_NS_ASSERTIONS = NO;
				ENABLE_STRICT_OBJC_MSGSEND = YES;
				GCC_C_LANGUAGE_STANDARD = gnu11;
				GCC_NO_COMMON_BLOCKS = YES;
				GCC_WARN_64_TO_32_BIT_CONVERSION = YES;
				GCC_WARN_ABOUT_RETURN_TYPE = YES_ERROR;
				GCC_WARN_UNDECLARED_SELECTOR = YES;
				GCC_WARN_UNINITIALIZED_AUTOS = YES_AGGRESSIVE;
				GCC_WARN_UNUSED_FUNCTION = YES;
				GCC_WARN_UNUSED_VARIABLE = YES;
				IPHONEOS_DEPLOYMENT_TARGET = 14.3;
				MTL_ENABLE_DEBUG_INFO = NO;
				MTL_FAST_MATH = YES;
				SDKROOT = iphoneos;
				SWIFT_COMPILATION_MODE = wholemodule;
				SWIFT_OPTIMIZATION_LEVEL = "-O";
				VALIDATE_PRODUCT = YES;
			};
			name = Release;
		};
		6C4FACF726332A520051E40C /* Debug */ = {
			isa = XCBuildConfiguration;
			buildSettings = {
				ASSETCATALOG_COMPILER_APPICON_NAME = AppIcon;
				ASSETCATALOG_COMPILER_GLOBAL_ACCENT_COLOR_NAME = AccentColor;
				CODE_SIGN_STYLE = Automatic;
				DEVELOPMENT_ASSET_PATHS = "\"SwiftUI_Project11_Trapezium/Preview Content\"";
				DEVELOPMENT_TEAM = 4WVK4KG35K;
				ENABLE_PREVIEWS = YES;
				INFOPLIST_FILE = SwiftUI_Project11_Trapezium/Info.plist;
				IPHONEOS_DEPLOYMENT_TARGET = 14.0;
				LD_RUNPATH_SEARCH_PATHS = (
					"$(inherited)",
					"@executable_path/Frameworks",
				);
				PRODUCT_BUNDLE_IDENTIFIER = "com.seonjung.SwiftUI-Project11-Trapezium";
				PRODUCT_NAME = "$(TARGET_NAME)";
				SWIFT_VERSION = 5.0;
				TARGETED_DEVICE_FAMILY = "1,2";
			};
			name = Debug;
		};
		6C4FACF826332A520051E40C /* Release */ = {
			isa = XCBuildConfiguration;
			buildSettings = {
				ASSETCATALOG_COMPILER_APPICON_NAME = AppIcon;
				ASSETCATALOG_COMPILER_GLOBAL_ACCENT_COLOR_NAME = AccentColor;
				CODE_SIGN_STYLE = Automatic;
				DEVELOPMENT_ASSET_PATHS = "\"SwiftUI_Project11_Trapezium/Preview Content\"";
				DEVELOPMENT_TEAM = 4WVK4KG35K;
				ENABLE_PREVIEWS = YES;
				INFOPLIST_FILE = SwiftUI_Project11_Trapezium/Info.plist;
				IPHONEOS_DEPLOYMENT_TARGET = 14.0;
				LD_RUNPATH_SEARCH_PATHS = (
					"$(inherited)",
					"@executable_path/Frameworks",
				);
				PRODUCT_BUNDLE_IDENTIFIER = "com.seonjung.SwiftUI-Project11-Trapezium";
				PRODUCT_NAME = "$(TARGET_NAME)";
				SWIFT_VERSION = 5.0;
				TARGETED_DEVICE_FAMILY = "1,2";
			};
			name = Release;
		};
/* End XCBuildConfiguration section */

/* Begin XCConfigurationList section */
		6C4FACE226332A520051E40C /* Build configuration list for PBXProject "SwiftUI_Project11_Trapezium" */ = {
			isa = XCConfigurationList;
			buildConfigurations = (
				6C4FACF426332A520051E40C /* Debug */,
				6C4FACF526332A520051E40C /* Release */,
			);
			defaultConfigurationIsVisible = 0;
			defaultConfigurationName = Release;
		};
		6C4FACF626332A520051E40C /* Build configuration list for PBXNativeTarget "SwiftUI_Project11_Trapezium" */ = {
			isa = XCConfigurationList;
			buildConfigurations = (
				6C4FACF726332A520051E40C /* Debug */,
				6C4FACF826332A520051E40C /* Release */,
			);
			defaultConfigurationIsVisible = 0;
			defaultConfigurationName = Release;
		};
/* End XCConfigurationList section */
	};
	rootObject = 6C4FACDF26332A520051E40C /* Project object */;
}
